
Microsoft Visual Studio Solution File, Format Version 12.00
# Visual Studio Version 17
VisualStudioVersion = 17.10.34707.107
MinimumVisualStudioVersion = 10.0.40219.1
Project("{FAE04EC0-301F-11D3-BF4B-00C04F79EFBC}") = "EFCore_QueryGen_Broken", "EFCore_QueryGen_Broken\EFCore_QueryGen_Broken.csproj", "{DE4EBBCE-4CFC-41B1-93DF-28D0A9388F03}"
EndProject
Global
	GlobalSection(SolutionConfigurationPlatforms) = preSolution
		Debug|Any CPU = Debug|Any CPU
		Release|Any CPU = Release|Any CPU
	EndGlobalSection
	GlobalSection(ProjectConfigurationPlatforms) = postSolution
		{DE4EBBCE-4CFC-41B1-93DF-28D0A9388F03}.Debug|Any CPU.ActiveCfg = Debug|Any CPU
		{DE4EBBCE-4CFC-41B1-93DF-28D0A9388F03}.Debug|Any CPU.Build.0 = Debug|Any CPU
		{DE4EBBCE-4CFC-41B1-93DF-28D0A9388F03}.Release|Any CPU.ActiveCfg = Release|Any CPU
		{DE4EBBCE-4CFC-41B1-93DF-28D0A9388F03}.Release|Any CPU.Build.0 = Release|Any CPU
	EndGlobalSection
	GlobalSection(SolutionProperties) = preSolution
		HideSolutionNode = FALSE
	EndGlobalSection
	GlobalSection(ExtensibilityGlobals) = postSolution
		SolutionGuid = {CB5E4B79-CD1C-409F-9C86-9A15F947B5C0}
	EndGlobalSection
EndGlobal
